// !$*UTF8*$!
{
	archiveVersion = 1;
	classes = {
	};
	objectVersion = 50;
	objects = {

/* Begin PBXBuildFile section */
		6477FA91267C40860025846D /* AppDelegate.swift in Sources */ = {isa = PBXBuildFile; fileRef = 6477FA90267C40860025846D /* AppDelegate.swift */; };
		6477FA93267C40860025846D /* SceneDelegate.swift in Sources */ = {isa = PBXBuildFile; fileRef = 6477FA92267C40860025846D /* SceneDelegate.swift */; };
		6477FA98267C40860025846D /* Main.storyboard in Resources */ = {isa = PBXBuildFile; fileRef = 6477FA96267C40860025846D /* Main.storyboard */; };
		6477FA9A267C40870025846D /* Assets.xcassets in Resources */ = {isa = PBXBuildFile; fileRef = 6477FA99267C40870025846D /* Assets.xcassets */; };
		6477FA9D267C40870025846D /* LaunchScreen.storyboard in Resources */ = {isa = PBXBuildFile; fileRef = 6477FA9B267C40870025846D /* LaunchScreen.storyboard */; };
		6477FAA6267C422F0025846D /* AstronEntranceViewController.swift in Sources */ = {isa = PBXBuildFile; fileRef = 6477FAA5267C422F0025846D /* AstronEntranceViewController.swift */; };
		6477FAB2267C4D390025846D /* AstronController.swift in Sources */ = {isa = PBXBuildFile; fileRef = 6477FAB1267C4D390025846D /* AstronController.swift */; };
		6477FAB6267C4DDE0025846D /* Model.swift in Sources */ = {isa = PBXBuildFile; fileRef = 6477FAB5267C4DDE0025846D /* Model.swift */; };
		6477FABC267C5C220025846D /* AstronCollectionViewController.swift in Sources */ = {isa = PBXBuildFile; fileRef = 6477FABB267C5C220025846D /* AstronCollectionViewController.swift */; };
		6477FAC7267C5C7F0025846D /* AstronCell.swift in Sources */ = {isa = PBXBuildFile; fileRef = 6477FAC5267C5C7F0025846D /* AstronCell.swift */; };
		6477FAC8267C5C7F0025846D /* AstronCell.xib in Resources */ = {isa = PBXBuildFile; fileRef = 6477FAC6267C5C7F0025846D /* AstronCell.xib */; };
		6477FACB267C5CB40025846D /* constants.swift in Sources */ = {isa = PBXBuildFile; fileRef = 6477FACA267C5CB40025846D /* constants.swift */; };
		6477FACE267C90EE0025846D /* AstronDetailViewController.swift in Sources */ = {isa = PBXBuildFile; fileRef = 6477FACD267C90EE0025846D /* AstronDetailViewController.swift */; };
/* End PBXBuildFile section */

/* Begin PBXFileReference section */
		6477FA8D267C40860025846D /* Astronomy.app */ = {isa = PBXFileReference; explicitFileType = wrapper.application; includeInIndex = 0; path = Astronomy.app; sourceTree = BUILT_PRODUCTS_DIR; };
		6477FA90267C40860025846D /* AppDelegate.swift */ = {isa = PBXFileReference; lastKnownFileType = sourcecode.swift; path = AppDelegate.swift; sourceTree = "<group>"; };
		6477FA92267C40860025846D /* SceneDelegate.swift */ = {isa = PBXFileReference; lastKnownFileType = sourcecode.swift; path = SceneDelegate.swift; sourceTree = "<group>"; };
		6477FA97267C40860025846D /* Base */ = {isa = PBXFileReference; lastKnownFileType = file.storyboard; name = Base; path = Base.lproj/Main.storyboard; sourceTree = "<group>"; };
		6477FA99267C40870025846D /* Assets.xcassets */ = {isa = PBXFileReference; lastKnownFileType = folder.assetcatalog; path = Assets.xcassets; sourceTree = "<group>"; };
		6477FA9C267C40870025846D /* Base */ = {isa = PBXFileReference; lastKnownFileType = file.storyboard; name = Base; path = Base.lproj/LaunchScreen.storyboard; sourceTree = "<group>"; };
		6477FA9E267C40870025846D /* Info.plist */ = {isa = PBXFileReference; lastKnownFileType = text.plist.xml; path = Info.plist; sourceTree = "<group>"; };
		6477FAA5267C422F0025846D /* AstronEntranceViewController.swift */ = {isa = PBXFileReference; lastKnownFileType = sourcecode.swift; path = AstronEntranceViewController.swift; sourceTree = "<group>"; };
		6477FAB1267C4D390025846D /* AstronController.swift */ = {isa = PBXFileReference; lastKnownFileType = sourcecode.swift; path = AstronController.swift; sourceTree = "<group>"; };
		6477FAB5267C4DDE0025846D /* Model.swift */ = {isa = PBXFileReference; lastKnownFileType = sourcecode.swift; path = Model.swift; sourceTree = "<group>"; };
		6477FABB267C5C220025846D /* AstronCollectionViewController.swift */ = {isa = PBXFileReference; lastKnownFileType = sourcecode.swift; path = AstronCollectionViewController.swift; sourceTree = "<group>"; };
		6477FAC5267C5C7F0025846D /* AstronCell.swift */ = {isa = PBXFileReference; lastKnownFileType = sourcecode.swift; path = AstronCell.swift; sourceTree = "<group>"; };
		6477FAC6267C5C7F0025846D /* AstronCell.xib */ = {isa = PBXFileReference; lastKnownFileType = file.xib; path = AstronCell.xib; sourceTree = "<group>"; };
		6477FACA267C5CB40025846D /* constants.swift */ = {isa = PBXFileReference; lastKnownFileType = sourcecode.swift; path = constants.swift; sourceTree = "<group>"; };
		6477FACD267C90EE0025846D /* AstronDetailViewController.swift */ = {isa = PBXFileReference; lastKnownFileType = sourcecode.swift; name = AstronDetailViewController.swift; path = Astronomy/Controller/AstronDetailViewController.swift; sourceTree = SOURCE_ROOT; };
/* End PBXFileReference section */

/* Begin PBXFrameworksBuildPhase section */
		6477FA8A267C40860025846D /* Frameworks */ = {
			isa = PBXFrameworksBuildPhase;
			buildActionMask = 2147483647;
			files = (
			);
			runOnlyForDeploymentPostprocessing = 0;
		};
/* End PBXFrameworksBuildPhase section */

/* Begin PBXGroup section */
		6477FA84267C40860025846D = {
			isa = PBXGroup;
			children = (
				6477FA8F267C40860025846D /* Astronomy */,
				6477FA8E267C40860025846D /* Products */,
			);
			sourceTree = "<group>";
		};
		6477FA8E267C40860025846D /* Products */ = {
			isa = PBXGroup;
			children = (
				6477FA8D267C40860025846D /* Astronomy.app */,
			);
			name = Products;
			sourceTree = "<group>";
		};
		6477FA8F267C40860025846D /* Astronomy */ = {
			isa = PBXGroup;
			children = (
				6477FA90267C40860025846D /* AppDelegate.swift */,
				6477FA92267C40860025846D /* SceneDelegate.swift */,
				6477FAB4267C4DB90025846D /* Model */,
				6477FAAA267C42420025846D /* View */,
				6477FAA8267C42350025846D /* Controller */,
				6477FA99267C40870025846D /* Assets.xcassets */,
				6477FA9B267C40870025846D /* LaunchScreen.storyboard */,
				6477FA9E267C40870025846D /* Info.plist */,
			);
			path = Astronomy;
			sourceTree = "<group>";
		};
		6477FAA8267C42350025846D /* Controller */ = {
			isa = PBXGroup;
			children = (
				6477FAB1267C4D390025846D /* AstronController.swift */,
				6477FAA5267C422F0025846D /* AstronEntranceViewController.swift */,
				6477FABB267C5C220025846D /* AstronCollectionViewController.swift */,
				6477FACD267C90EE0025846D /* AstronDetailViewController.swift */,
			);
			path = Controller;
			sourceTree = "<group>";
		};
		6477FAAA267C42420025846D /* View */ = {
			isa = PBXGroup;
			children = (
				6477FA96267C40860025846D /* Main.storyboard */,
				6477FAC5267C5C7F0025846D /* AstronCell.swift */,
				6477FAC6267C5C7F0025846D /* AstronCell.xib */,
			);
			path = View;
			sourceTree = "<group>";
		};
		6477FAB4267C4DB90025846D /* Model */ = {
			isa = PBXGroup;
			children = (
				6477FAB5267C4DDE0025846D /* Model.swift */,
				6477FACA267C5CB40025846D /* constants.swift */,
			);
			path = Model;
			sourceTree = "<group>";
		};
/* End PBXGroup section */

/* Begin PBXNativeTarget section */
		6477FA8C267C40860025846D /* Astronomy */ = {
			isa = PBXNativeTarget;
			buildConfigurationList = 6477FAA1267C40870025846D /* Build configuration list for PBXNativeTarget "Astronomy" */;
			buildPhases = (
				6477FA89267C40860025846D /* Sources */,
				6477FA8A267C40860025846D /* Frameworks */,
				6477FA8B267C40860025846D /* Resources */,
			);
			buildRules = (
			);
			dependencies = (
			);
			name = Astronomy;
			productName = Astronomy;
			productReference = 6477FA8D267C40860025846D /* Astronomy.app */;
			productType = "com.apple.product-type.application";
		};
/* End PBXNativeTarget section */

/* Begin PBXProject section */
		6477FA85267C40860025846D /* Project object */ = {
			isa = PBXProject;
			attributes = {
				LastSwiftUpdateCheck = 1240;
				LastUpgradeCheck = 1240;
				TargetAttributes = {
					6477FA8C267C40860025846D = {
						CreatedOnToolsVersion = 12.4;
					};
				};
			};
			buildConfigurationList = 6477FA88267C40860025846D /* Build configuration list for PBXProject "Astronomy" */;
			compatibilityVersion = "Xcode 9.3";
			developmentRegion = en;
			hasScannedForEncodings = 0;
			knownRegions = (
				en,
				Base,
			);
			mainGroup = 6477FA84267C40860025846D;
			productRefGroup = 6477FA8E267C40860025846D /* Products */;
			projectDirPath = "";
			projectRoot = "";
			targets = (
				6477FA8C267C40860025846D /* Astronomy */,
			);
		};
/* End PBXProject section */

/* Begin PBXResourcesBuildPhase section */
		6477FA8B267C40860025846D /* Resources */ = {
			isa = PBXResourcesBuildPhase;
			buildActionMask = 2147483647;
			files = (
				6477FA9D267C40870025846D /* LaunchScreen.storyboard in Resources */,
				6477FA9A267C40870025846D /* Assets.xcassets in Resources */,
				6477FAC8267C5C7F0025846D /* AstronCell.xib in Resources */,
				6477FA98267C40860025846D /* Main.storyboard in Resources */,
			);
			runOnlyForDeploymentPostprocessing = 0;
		};
/* End PBXResourcesBuildPhase section */

/* Begin PBXSourcesBuildPhase section */
		6477FA89267C40860025846D /* Sources */ = {
			isa = PBXSourcesBuildPhase;
			buildActionMask = 2147483647;
			files = (
				6477FAB2267C4D390025846D /* AstronController.swift in Sources */,
				6477FA91267C40860025846D /* AppDelegate.swift in Sources */,
				6477FAC7267C5C7F0025846D /* AstronCell.swift in Sources */,
				6477FAB6267C4DDE0025846D /* Model.swift in Sources */,
				6477FABC267C5C220025846D /* AstronCollectionViewController.swift in Sources */,
				6477FA93267C40860025846D /* SceneDelegate.swift in Sources */,
				6477FAA6267C422F0025846D /* AstronEntranceViewController.swift in Sources */,
				6477FACB267C5CB40025846D /* constants.swift in Sources */,
				6477FACE267C90EE0025846D /* AstronDetailViewController.swift in Sources */,
			);
			runOnlyForDeploymentPostprocessing = 0;
		};
/* End PBXSourcesBuildPhase section */

/* Begin PBXVariantGroup section */
		6477FA96267C40860025846D /* Main.storyboard */ = {
			isa = PBXVariantGroup;
			children = (
				6477FA97267C40860025846D /* Base */,
			);
			name = Main.storyboard;
			sourceTree = "<group>";
		};
		6477FA9B267C40870025846D /* LaunchScreen.storyboard */ = {
			isa = PBXVariantGroup;
			children = (
				6477FA9C267C40870025846D /* Base */,
			);
			name = LaunchScreen.storyboard;
			sourceTree = "<group>";
		};
/* End PBXVariantGroup section */

/* Begin XCBuildConfiguration section */
		6477FA9F267C40870025846D /* Debug */ = {
			isa = XCBuildConfiguration;
			buildSettings = {
				ALWAYS_SEARCH_USER_PATHS = NO;
				CLANG_ANALYZER_NONNULL = YES;
				CLANG_ANALYZER_NUMBER_OBJECT_CONVERSION = YES_AGGRESSIVE;
				CLANG_CXX_LANGUAGE_STANDARD = "gnu++14";
				CLANG_CXX_LIBRARY = "libc++";
				CLANG_ENABLE_MODULES = YES;
				CLANG_ENABLE_OBJC_ARC = YES;
				CLANG_ENABLE_OBJC_WEAK = YES;
				CLANG_WARN_BLOCK_CAPTURE_AUTORELEASING = YES;
				CLANG_WARN_BOOL_CONVERSION = YES;
				CLANG_WARN_COMMA = YES;
				CLANG_WARN_CONSTANT_CONVERSION = YES;
				CLANG_WARN_DEPRECATED_OBJC_IMPLEMENTATIONS = YES;
				CLANG_WARN_DIRECT_OBJC_ISA_USAGE = YES_ERROR;
				CLANG_WARN_DOCUMENTATION_COMMENTS = YES;
				CLANG_WARN_EMPTY_BODY = YES;
				CLANG_WARN_ENUM_CONVERSION = YES;
				CLANG_WARN_INFINITE_RECURSION = YES;
				CLANG_WARN_INT_CONVERSION = YES;
				CLANG_WARN_NON_LITERAL_NULL_CONVERSION = YES;
				CLANG_WARN_OBJC_IMPLICIT_RETAIN_SELF = YES;
				CLANG_WARN_OBJC_LITERAL_CONVERSION = YES;
				CLANG_WARN_OBJC_ROOT_CLASS = YES_ERROR;
				CLANG_WARN_QUOTED_INCLUDE_IN_FRAMEWORK_HEADER = YES;
				CLANG_WARN_RANGE_LOOP_ANALYSIS = YES;
				CLANG_WARN_STRICT_PROTOTYPES = YES;
				CLANG_WARN_SUSPICIOUS_MOVE = YES;
				CLANG_WARN_UNGUARDED_AVAILABILITY = YES_AGGRESSIVE;
				CLANG_WARN_UNREACHABLE_CODE = YES;
				CLANG_WARN__DUPLICATE_METHOD_MATCH = YES;
				COPY_PHASE_STRIP = NO;
				DEBUG_INFORMATION_FORMAT = dwarf;
				ENABLE_STRICT_OBJC_MSGSEND = YES;
				ENABLE_TESTABILITY = YES;
				GCC_C_LANGUAGE_STANDARD = gnu11;
				GCC_DYNAMIC_NO_PIC = NO;
				GCC_NO_COMMON_BLOCKS = YES;
				GCC_OPTIMIZATION_LEVEL = 0;
				GCC_PREPROCESSOR_DEFINITIONS = (
					"DEBUG=1",
					"$(inherited)",
				);
				GCC_WARN_64_TO_32_BIT_CONVERSION = YES;
				GCC_WARN_ABOUT_RETURN_TYPE = YES_ERROR;
				GCC_WARN_UNDECLARED_SELECTOR = YES;
				GCC_WARN_UNINITIALIZED_AUTOS = YES_AGGRESSIVE;
				GCC_WARN_UNUSED_FUNCTION = YES;
				GCC_WARN_UNUSED_VARIABLE = YES;
				IPHONEOS_DEPLOYMENT_TARGET = 14.4;
				MTL_ENABLE_DEBUG_INFO = INCLUDE_SOURCE;
				MTL_FAST_MATH = YES;
				ONLY_ACTIVE_ARCH = YES;
				SDKROOT = iphoneos;
				SWIFT_ACTIVE_COMPILATION_CONDITIONS = DEBUG;
				SWIFT_OPTIMIZATION_LEVEL = "-Onone";
			};
			name = Debug;
		};
		6477FAA0267C40870025846D /* Release */ = {
			isa = XCBuildConfiguration;
			buildSettings = {
				ALWAYS_SEARCH_USER_PATHS = NO;
				CLANG_ANALYZER_NONNULL = YES;
				CLANG_ANALYZER_NUMBER_OBJECT_CONVERSION = YES_AGGRESSIVE;
				CLANG_CXX_LANGUAGE_STANDARD = "gnu++14";
				CLANG_CXX_LIBRARY = "libc++";
				CLANG_ENABLE_MODULES = YES;
				CLANG_ENABLE_OBJC_ARC = YES;
				CLANG_ENABLE_OBJC_WEAK = YES;
				CLANG_WARN_BLOCK_CAPTURE_AUTORELEASING = YES;
				CLANG_WARN_BOOL_CONVERSION = YES;
				CLANG_WARN_COMMA = YES;
				CLANG_WARN_CONSTANT_CONVERSION = YES;
				CLANG_WARN_DEPRECATED_OBJC_IMPLEMENTATIONS = YES;
				CLANG_WARN_DIRECT_OBJC_ISA_USAGE = YES_ERROR;
				CLANG_WARN_DOCUMENTATION_COMMENTS = YES;
				CLANG_WARN_EMPTY_BODY = YES;
				CLANG_WARN_ENUM_CONVERSION = YES;
				CLANG_WARN_INFINITE_RECURSION = YES;
				CLANG_WARN_INT_CONVERSION = YES;
				CLANG_WARN_NON_LITERAL_NULL_CONVERSION = YES;
				CLANG_WARN_OBJC_IMPLICIT_RETAIN_SELF = YES;
				CLANG_WARN_OBJC_LITERAL_CONVERSION = YES;
				CLANG_WARN_OBJC_ROOT_CLASS = YES_ERROR;
				CLANG_WARN_QUOTED_INCLUDE_IN_FRAMEWORK_HEADER = YES;
				CLANG_WARN_RANGE_LOOP_ANALYSIS = YES;
				CLANG_WARN_STRICT_PROTOTYPES = YES;
				CLANG_WARN_SUSPICIOUS_MOVE = YES;
				CLANG_WARN_UNGUARDED_AVAILABILITY = YES_AGGRESSIVE;
				CLANG_WARN_UNREACHABLE_CODE = YES;
				CLANG_WARN__DUPLICATE_METHOD_MATCH = YES;
				COPY_PHASE_STRIP = NO;
				DEBUG_INFORMATION_FORMAT = "dwarf-with-dsym";
				ENABLE_NS_ASSERTIONS = NO;
				ENABLE_STRICT_OBJC_MSGSEND = YES;
				GCC_C_LANGUAGE_STANDARD = gnu11;
				GCC_NO_COMMON_BLOCKS = YES;
				GCC_WARN_64_TO_32_BIT_CONVERSION = YES;
				GCC_WARN_ABOUT_RETURN_TYPE = YES_ERROR;
				GCC_WARN_UNDECLARED_SELECTOR = YES;
				GCC_WARN_UNINITIALIZED_AUTOS = YES_AGGRESSIVE;
				GCC_WARN_UNUSED_FUNCTION = YES;
				GCC_WARN_UNUSED_VARIABLE = YES;
				IPHONEOS_DEPLOYMENT_TARGET = 14.4;
				MTL_ENABLE_DEBUG_INFO = NO;
				MTL_FAST_MATH = YES;
				SDKROOT = iphoneos;
				SWIFT_COMPILATION_MODE = wholemodule;
				SWIFT_OPTIMIZATION_LEVEL = "-O";
				VALIDATE_PRODUCT = YES;
			};
			name = Release;
		};
		6477FAA2267C40870025846D /* Debug */ = {
			isa = XCBuildConfiguration;
			buildSettings = {
				ASSETCATALOG_COMPILER_APPICON_NAME = AppIcon;
				ASSETCATALOG_COMPILER_GLOBAL_ACCENT_COLOR_NAME = AccentColor;
				CODE_SIGN_STYLE = Automatic;
				DEVELOPMENT_TEAM = X8VRLAS2GU;
				INFOPLIST_FILE = Astronomy/Info.plist;
				LD_RUNPATH_SEARCH_PATHS = (
					"$(inherited)",
					"@executable_path/Frameworks",
				);
				PRODUCT_BUNDLE_IDENTIFIER = tool.portfolio.alicefang.Astronomy;
				PRODUCT_NAME = "$(TARGET_NAME)";
				SWIFT_VERSION = 5.0;
				TARGETED_DEVICE_FAMILY = "1,2";
			};
			name = Debug;
		};
		6477FAA3267C40870025846D /* Release */ = {
			isa = XCBuildConfiguration;
			buildSettings = {
				ASSETCATALOG_COMPILER_APPICON_NAME = AppIcon;
				ASSETCATALOG_COMPILER_GLOBAL_ACCENT_COLOR_NAME = AccentColor;
				CODE_SIGN_STYLE = Automatic;
				DEVELOPMENT_TEAM = X8VRLAS2GU;
				INFOPLIST_FILE = Astronomy/Info.plist;
				LD_RUNPATH_SEARCH_PATHS = (
					"$(inherited)",
					"@executable_path/Frameworks",
				);
				PRODUCT_BUNDLE_IDENTIFIER = tool.portfolio.alicefang.Astronomy;
				PRODUCT_NAME = "$(TARGET_NAME)";
				SWIFT_VERSION = 5.0;
				TARGETED_DEVICE_FAMILY = "1,2";
			};
			name = Release;
		};
/* End XCBuildConfiguration section */

/* Begin XCConfigurationList section */
		6477FA88267C40860025846D /* Build configuration list for PBXProject "Astronomy" */ = {
			isa = XCConfigurationList;
			buildConfigurations = (
				6477FA9F267C40870025846D /* Debug */,
				6477FAA0267C40870025846D /* Release */,
			);
			defaultConfigurationIsVisible = 0;
			defaultConfigurationName = Release;
		};
		6477FAA1267C40870025846D /* Build configuration list for PBXNativeTarget "Astronomy" */ = {
			isa = XCConfigurationList;
			buildConfigurations = (
				6477FAA2267C40870025846D /* Debug */,
				6477FAA3267C40870025846D /* Release */,
			);
			defaultConfigurationIsVisible = 0;
			defaultConfigurationName = Release;
		};
/* End XCConfigurationList section */
	};
	rootObject = 6477FA85267C40860025846D /* Project object */;
}
